{
  "version": "5",
  "specifiers": {
    "jsr:@std/assert@1": "1.0.13",
    "jsr:@std/html@*": "1.0.4",
    "jsr:@std/internal@^1.0.6": "1.0.7",
    "npm:preact-render-to-string@^6.5.13": "6.5.13_preact@10.26.7",
    "npm:preact@^10.26.7": "10.26.7"
  },
  "jsr": {
    "@std/assert@1.0.13": {
      "integrity": "ae0d31e41919b12c656c742b22522c32fb26ed0cba32975cb0de2a273cb68b29",
      "dependencies": [
        "jsr:@std/internal"
      ]
    },
    "@std/html@1.0.4": {
      "integrity": "eff3497c08164e6ada49b7f81a28b5108087033823153d065e3f89467dd3d50e"
    },
    "@std/internal@1.0.7": {
      "integrity": "39eeb5265190a7bc5d5591c9ff019490bd1f2c3907c044a11b0d545796158a0f"
    }
  },
  "npm": {
    "preact-render-to-string@6.5.13_preact@10.26.7": {
      "integrity": "sha512-iGPd+hKPMFKsfpR2vL4kJ6ZPcFIoWZEcBf0Dpm3zOpdVvj77aY8RlLiQji5OMrngEyaxGogeakTb54uS2FvA6w==",
      "dependencies": [
        "preact"
      ]
    },
    "preact@10.26.7": {
      "integrity": "sha512-43xS+QYc1X1IPbw03faSgY6I6OYWcLrJRv3hU0+qMOfh/XCHcP0MX2CVjNARYR2cC/guu975sta4OcjlczxD7g=="
    }
  },
  "workspace": {
    "dependencies": [
      "jsr:@std/assert@1",
      "npm:preact-render-to-string@^6.5.13",
      "npm:preact@^10.26.7"
    ]
  }
}
